{
  "name": "VirtueStack",
  "lockfileVersion": 3,
  "requires": true,
  "packages": {
    "": {
      "dependencies": {
        "@novnc/novnc": "^1.6.0"
      },
      "devDependencies": {
        "@types/novnc__novnc": "^1.6.0"
      }
    },
    "node_modules/@novnc/novnc": {
      "version": "1.6.0",
      "resolved": "https://registry.npmjs.org/@novnc/novnc/-/novnc-1.6.0.tgz",
      "integrity": "sha512-CJrmdSe9Yt2ZbLsJpVFoVkEu0KICEvnr3njW25Nz0jodaiFJtg8AYLGZogRYy0/N5HUWkGUsCmegKXYBSqwygw==",
      "license": "MPL-2.0"
    },
    "node_modules/@types/novnc__novnc": {
      "version": "1.6.0",
      "resolved": "https://registry.npmjs.org/@types/novnc__novnc/-/novnc__novnc-1.6.0.tgz",
      "integrity": "sha512-kIH/PQACbf9qj6whiSXRKECpyzgs6IFNVsW4wohyqQUZfQHdLhuGRMLi9XEhBiISSh0lKCSbBa7kScuPu9Gk+Q==",
      "dev": true,
      "license": "MIT"
    }
  }
}
