lockfileVersion: '9.0'

settings:
  autoInstallPeers: true
  excludeLinksFromLockfile: false

importers:

  .:
    dependencies:
      '@novnc/novnc':
        specifier: ^1.6.0
        version: 1.6.0
    devDependencies:
      '@types/novnc__novnc':
        specifier: ^1.6.0
        version: 1.6.0

packages:

  '@novnc/novnc@1.6.0':
    resolution: {integrity: sha512-CJrmdSe9Yt2ZbLsJpVFoVkEu0KICEvnr3njW25Nz0jodaiFJtg8AYLGZogRYy0/N5HUWkGUsCmegKXYBSqwygw==}

  '@types/novnc__novnc@1.6.0':
    resolution: {integrity: sha512-kIH/PQACbf9qj6whiSXRKECpyzgs6IFNVsW4wohyqQUZfQHdLhuGRMLi9XEhBiISSh0lKCSbBa7kScuPu9Gk+Q==}

snapshots:

  '@novnc/novnc@1.6.0': {}

  '@types/novnc__novnc@1.6.0': {}
